github.com/adityatelange/hugo-PaperMod v0.0.0-20220109054912-72abf7440a07 h1:Cv2K3oWO1gG9lcyvllijhJ5CaBEMzGDA/DkeDx42A0A=
github.com/adityatelange/hugo-PaperMod v0.0.0-20220109054912-72abf7440a07/go.mod h1:HCHxNMKYdGafUYjVV3ICiAqznZK2yH0iI53jqcDFDdQ=
github.com/adityatelange/hugo-PaperMod v0.0.0-20220115133454-37f359ee2149 h1:ngITI7W1EKc88TCGFur4Eu+LYaWWVaRue92s6JLPTBo=
github.com/adityatelange/hugo-PaperMod v0.0.0-20220115133454-37f359ee2149/go.mod h1:HCHxNMKYdGafUYjVV3ICiAqznZK2yH0iI53jqcDFDdQ=
github.com/adityatelange/hugo-PaperMod v0.0.0-20220820090107-b906338dc82a h1:Ha3vSKQbzhHoACmB+W+8uHWbCztMrfco250NyJUqtR0=
github.com/adityatelange/hugo-PaperMod v0.0.0-20220820090107-b906338dc82a/go.mod h1:HCHxNMKYdGafUYjVV3ICiAqznZK2yH0iI53jqcDFDdQ=
github.com/adityatelange/hugo-PaperMod v0.0.0-20230507121058-bacb763071d9 h1:7BhBWq8ONr6MBUKAsrSJxjN9J8L6YSzEJxFy2Kqo+u4=
github.com/adityatelange/hugo-PaperMod v0.0.0-20230507121058-bacb763071d9/go.mod h1:HCHxNMKYdGafUYjVV3ICiAqznZK2yH0iI53jqcDFDdQ=
